
Microsoft Visual Studio Solution File, Format Version 12.00
# Visual Studio Version 16
VisualStudioVersion = 16.0.29709.97
MinimumVisualStudioVersion = 10.0.40219.1
Project("{F184B08F-C81C-45F6-A57F-5ABD9991F28F}") = "Midterm2020", "Midterm2020\Midterm2020.vbproj", "{DE55DF18-A261-4C8C-BC76-01CD1635428E}"
EndProject
Global
	GlobalSection(SolutionConfigurationPlatforms) = preSolution
		Debug|Any CPU = Debug|Any CPU
		Release|Any CPU = Release|Any CPU
	EndGlobalSection
	GlobalSection(ProjectConfigurationPlatforms) = postSolution
		{DE55DF18-A261-4C8C-BC76-01CD1635428E}.Debug|Any CPU.ActiveCfg = Debug|Any CPU
		{DE55DF18-A261-4C8C-BC76-01CD1635428E}.Debug|Any CPU.Build.0 = Debug|Any CPU
		{DE55DF18-A261-4C8C-BC76-01CD1635428E}.Release|Any CPU.ActiveCfg = Release|Any CPU
		{DE55DF18-A261-4C8C-BC76-01CD1635428E}.Release|Any CPU.Build.0 = Release|Any CPU
	EndGlobalSection
	GlobalSection(SolutionProperties) = preSolution
		HideSolutionNode = FALSE
	EndGlobalSection
	GlobalSection(ExtensibilityGlobals) = postSolution
		SolutionGuid = {A0AF8671-6704-498D-9CE9-D8A58EE62984}
	EndGlobalSection
EndGlobal
